
Microsoft Visual Studio Solution File, Format Version 12.00
# Visual Studio Version 17
VisualStudioVersion = 17.0.31903.59
MinimumVisualStudioVersion = 10.0.40219.1
Project("{FAE04EC0-301F-11D3-BF4B-00C04F79EFBC}") = "racun u kafani", "racun u kafani\racun u kafani.csproj", "{D1819FD7-F05F-4EAA-BB47-7F206D886C21}"
EndProject
Global
	GlobalSection(SolutionConfigurationPlatforms) = preSolution
		Debug|Any CPU = Debug|Any CPU
		Release|Any CPU = Release|Any CPU
	EndGlobalSection
	GlobalSection(ProjectConfigurationPlatforms) = postSolution
		{D1819FD7-F05F-4EAA-BB47-7F206D886C21}.Debug|Any CPU.ActiveCfg = Debug|Any CPU
		{D1819FD7-F05F-4EAA-BB47-7F206D886C21}.Debug|Any CPU.Build.0 = Debug|Any CPU
		{D1819FD7-F05F-4EAA-BB47-7F206D886C21}.Release|Any CPU.ActiveCfg = Release|Any CPU
		{D1819FD7-F05F-4EAA-BB47-7F206D886C21}.Release|Any CPU.Build.0 = Release|Any CPU
	EndGlobalSection
	GlobalSection(SolutionProperties) = preSolution
		HideSolutionNode = FALSE
	EndGlobalSection
	GlobalSection(ExtensibilityGlobals) = postSolution
		SolutionGuid = {8D33DC4A-3625-493D-8A79-DC376398B71F}
	EndGlobalSection
EndGlobal
